
Microsoft Visual Studio Solution File, Format Version 12.00
Project("{FAE04EC0-301F-11D3-BF4B-00C04F79EFBC}") = "floppy cat", "floppy cat\floppy cat.csproj", "{FCF063E9-A98B-4AAD-A732-D4120DBB52C5}"
EndProject
Project("{FAE04EC0-301F-11D3-BF4B-00C04F79EFBC}") = "TestProject1", "TestProject1\TestProject1.csproj", "{B5C6AC7D-70CA-4D75-BAEF-EA9A5F60876D}"
EndProject
Global
	GlobalSection(SolutionConfigurationPlatforms) = preSolution
		Debug|Any CPU = Debug|Any CPU
		Release|Any CPU = Release|Any CPU
	EndGlobalSection
	GlobalSection(ProjectConfigurationPlatforms) = postSolution
		{FCF063E9-A98B-4AAD-A732-D4120DBB52C5}.Debug|Any CPU.ActiveCfg = Debug|Any CPU
		{FCF063E9-A98B-4AAD-A732-D4120DBB52C5}.Debug|Any CPU.Build.0 = Debug|Any CPU
		{FCF063E9-A98B-4AAD-A732-D4120DBB52C5}.Release|Any CPU.ActiveCfg = Release|Any CPU
		{FCF063E9-A98B-4AAD-A732-D4120DBB52C5}.Release|Any CPU.Build.0 = Release|Any CPU
		{B5C6AC7D-70CA-4D75-BAEF-EA9A5F60876D}.Debug|Any CPU.ActiveCfg = Debug|Any CPU
		{B5C6AC7D-70CA-4D75-BAEF-EA9A5F60876D}.Debug|Any CPU.Build.0 = Debug|Any CPU
		{B5C6AC7D-70CA-4D75-BAEF-EA9A5F60876D}.Release|Any CPU.ActiveCfg = Release|Any CPU
		{B5C6AC7D-70CA-4D75-BAEF-EA9A5F60876D}.Release|Any CPU.Build.0 = Release|Any CPU
	EndGlobalSection
EndGlobal
